// !$*UTF8*$!
{
	archiveVersion = 1;
	classes = {
	};
	objectVersion = 46;
	objects = {

/* Begin PBXBuildFile section */
		F772E24A1F17EEBA00264DD8 /* RoadmapViewController.swift in Sources */ = {isa = PBXBuildFile; fileRef = F772E2491F17EEBA00264DD8 /* RoadmapViewController.swift */; };
		F772E24C1F17EEE600264DD8 /* OnboardingViewController.swift in Sources */ = {isa = PBXBuildFile; fileRef = F772E24B1F17EEE600264DD8 /* OnboardingViewController.swift */; };
		F77F1E791F17A3F5001DD7E5 /* AppDelegate.swift in Sources */ = {isa = PBXBuildFile; fileRef = F77F1E781F17A3F5001DD7E5 /* AppDelegate.swift */; };
		F77F1E7E1F17A3F5001DD7E5 /* Main.storyboard in Resources */ = {isa = PBXBuildFile; fileRef = F77F1E7C1F17A3F5001DD7E5 /* Main.storyboard */; };
		F77F1E801F17A3F5001DD7E5 /* Assets.xcassets in Resources */ = {isa = PBXBuildFile; fileRef = F77F1E7F1F17A3F5001DD7E5 /* Assets.xcassets */; };
		F77F1E831F17A3F5001DD7E5 /* LaunchScreen.storyboard in Resources */ = {isa = PBXBuildFile; fileRef = F77F1E811F17A3F5001DD7E5 /* LaunchScreen.storyboard */; };
		F77F1E8B1F17A480001DD7E5 /* MapViewController.swift in Sources */ = {isa = PBXBuildFile; fileRef = F77F1E8A1F17A480001DD7E5 /* MapViewController.swift */; };
		F77F1E8D1F17A81B001DD7E5 /* JLTGradientPathRenderer.swift in Sources */ = {isa = PBXBuildFile; fileRef = F77F1E8C1F17A81B001DD7E5 /* JLTGradientPathRenderer.swift */; };
/* End PBXBuildFile section */

/* Begin PBXFileReference section */
		F772E2491F17EEBA00264DD8 /* RoadmapViewController.swift */ = {isa = PBXFileReference; fileEncoding = 4; lastKnownFileType = sourcecode.swift; path = RoadmapViewController.swift; sourceTree = "<group>"; };
		F772E24B1F17EEE600264DD8 /* OnboardingViewController.swift */ = {isa = PBXFileReference; fileEncoding = 4; lastKnownFileType = sourcecode.swift; path = OnboardingViewController.swift; sourceTree = "<group>"; };
		F77F1E751F17A3F5001DD7E5 /* PrideMap.app */ = {isa = PBXFileReference; explicitFileType = wrapper.application; includeInIndex = 0; path = PrideMap.app; sourceTree = BUILT_PRODUCTS_DIR; };
		F77F1E781F17A3F5001DD7E5 /* AppDelegate.swift */ = {isa = PBXFileReference; lastKnownFileType = sourcecode.swift; path = AppDelegate.swift; sourceTree = "<group>"; };
		F77F1E7D1F17A3F5001DD7E5 /* Base */ = {isa = PBXFileReference; lastKnownFileType = file.storyboard; name = Base; path = Base.lproj/Main.storyboard; sourceTree = "<group>"; };
		F77F1E7F1F17A3F5001DD7E5 /* Assets.xcassets */ = {isa = PBXFileReference; lastKnownFileType = folder.assetcatalog; path = Assets.xcassets; sourceTree = "<group>"; };
		F77F1E821F17A3F5001DD7E5 /* Base */ = {isa = PBXFileReference; lastKnownFileType = file.storyboard; name = Base; path = Base.lproj/LaunchScreen.storyboard; sourceTree = "<group>"; };
		F77F1E841F17A3F5001DD7E5 /* Info.plist */ = {isa = PBXFileReference; lastKnownFileType = text.plist.xml; path = Info.plist; sourceTree = "<group>"; };
		F77F1E8A1F17A480001DD7E5 /* MapViewController.swift */ = {isa = PBXFileReference; fileEncoding = 4; lastKnownFileType = sourcecode.swift; path = MapViewController.swift; sourceTree = "<group>"; };
		F77F1E8C1F17A81B001DD7E5 /* JLTGradientPathRenderer.swift */ = {isa = PBXFileReference; fileEncoding = 4; lastKnownFileType = sourcecode.swift; path = JLTGradientPathRenderer.swift; sourceTree = "<group>"; };
/* End PBXFileReference section */

/* Begin PBXFrameworksBuildPhase section */
		F77F1E721F17A3F5001DD7E5 /* Frameworks */ = {
			isa = PBXFrameworksBuildPhase;
			buildActionMask = 2147483647;
			files = (
			);
			runOnlyForDeploymentPostprocessing = 0;
		};
/* End PBXFrameworksBuildPhase section */

/* Begin PBXGroup section */
		F77F1E6C1F17A3F5001DD7E5 = {
			isa = PBXGroup;
			children = (
				F77F1E771F17A3F5001DD7E5 /* PrideMap */,
				F77F1E761F17A3F5001DD7E5 /* Products */,
				F77F1E8E1F17C0B1001DD7E5 /* Frameworks */,
			);
			sourceTree = "<group>";
		};
		F77F1E761F17A3F5001DD7E5 /* Products */ = {
			isa = PBXGroup;
			children = (
				F77F1E751F17A3F5001DD7E5 /* PrideMap.app */,
			);
			name = Products;
			sourceTree = "<group>";
		};
		F77F1E771F17A3F5001DD7E5 /* PrideMap */ = {
			isa = PBXGroup;
			children = (
				F77F1E781F17A3F5001DD7E5 /* AppDelegate.swift */,
				F77F1E8A1F17A480001DD7E5 /* MapViewController.swift */,
				F77F1E8C1F17A81B001DD7E5 /* JLTGradientPathRenderer.swift */,
				F772E2491F17EEBA00264DD8 /* RoadmapViewController.swift */,
				F772E24B1F17EEE600264DD8 /* OnboardingViewController.swift */,
				F77F1E7C1F17A3F5001DD7E5 /* Main.storyboard */,
				F77F1E7F1F17A3F5001DD7E5 /* Assets.xcassets */,
				F77F1E811F17A3F5001DD7E5 /* LaunchScreen.storyboard */,
				F77F1E841F17A3F5001DD7E5 /* Info.plist */,
			);
			path = PrideMap;
			sourceTree = "<group>";
		};
		F77F1E8E1F17C0B1001DD7E5 /* Frameworks */ = {
			isa = PBXGroup;
			children = (
			);
			name = Frameworks;
			sourceTree = "<group>";
		};
/* End PBXGroup section */

/* Begin PBXNativeTarget section */
		F77F1E741F17A3F5001DD7E5 /* PrideMap */ = {
			isa = PBXNativeTarget;
			buildConfigurationList = F77F1E871F17A3F5001DD7E5 /* Build configuration list for PBXNativeTarget "PrideMap" */;
			buildPhases = (
				F77F1E711F17A3F5001DD7E5 /* Sources */,
				F77F1E721F17A3F5001DD7E5 /* Frameworks */,
				F77F1E731F17A3F5001DD7E5 /* Resources */,
			);
			buildRules = (
			);
			dependencies = (
			);
			name = PrideMap;
			productName = PrideMap;
			productReference = F77F1E751F17A3F5001DD7E5 /* PrideMap.app */;
			productType = "com.apple.product-type.application";
		};
/* End PBXNativeTarget section */

/* Begin PBXProject section */
		F77F1E6D1F17A3F5001DD7E5 /* Project object */ = {
			isa = PBXProject;
			attributes = {
				LastSwiftUpdateCheck = 0830;
				LastUpgradeCheck = 0830;
				ORGANIZATIONNAME = "Felix Hedlund";
				TargetAttributes = {
					F77F1E741F17A3F5001DD7E5 = {
						CreatedOnToolsVersion = 8.3.3;
						DevelopmentTeam = NRNUQBB7ZW;
						ProvisioningStyle = Automatic;
						SystemCapabilities = {
							com.apple.Maps.iOS = {
								enabled = 0;
							};
						};
					};
				};
			};
			buildConfigurationList = F77F1E701F17A3F5001DD7E5 /* Build configuration list for PBXProject "PrideMap" */;
			compatibilityVersion = "Xcode 3.2";
			developmentRegion = English;
			hasScannedForEncodings = 0;
			knownRegions = (
				en,
				Base,
			);
			mainGroup = F77F1E6C1F17A3F5001DD7E5;
			productRefGroup = F77F1E761F17A3F5001DD7E5 /* Products */;
			projectDirPath = "";
			projectRoot = "";
			targets = (
				F77F1E741F17A3F5001DD7E5 /* PrideMap */,
			);
		};
/* End PBXProject section */

/* Begin PBXResourcesBuildPhase section */
		F77F1E731F17A3F5001DD7E5 /* Resources */ = {
			isa = PBXResourcesBuildPhase;
			buildActionMask = 2147483647;
			files = (
				F77F1E831F17A3F5001DD7E5 /* LaunchScreen.storyboard in Resources */,
				F77F1E801F17A3F5001DD7E5 /* Assets.xcassets in Resources */,
				F77F1E7E1F17A3F5001DD7E5 /* Main.storyboard in Resources */,
			);
			runOnlyForDeploymentPostprocessing = 0;
		};
/* End PBXResourcesBuildPhase section */

/* Begin PBXSourcesBuildPhase section */
		F77F1E711F17A3F5001DD7E5 /* Sources */ = {
			isa = PBXSourcesBuildPhase;
			buildActionMask = 2147483647;
			files = (
				F77F1E791F17A3F5001DD7E5 /* AppDelegate.swift in Sources */,
				F772E24A1F17EEBA00264DD8 /* RoadmapViewController.swift in Sources */,
				F772E24C1F17EEE600264DD8 /* OnboardingViewController.swift in Sources */,
				F77F1E8D1F17A81B001DD7E5 /* JLTGradientPathRenderer.swift in Sources */,
				F77F1E8B1F17A480001DD7E5 /* MapViewController.swift in Sources */,
			);
			runOnlyForDeploymentPostprocessing = 0;
		};
/* End PBXSourcesBuildPhase section */

/* Begin PBXVariantGroup section */
		F77F1E7C1F17A3F5001DD7E5 /* Main.storyboard */ = {
			isa = PBXVariantGroup;
			children = (
				F77F1E7D1F17A3F5001DD7E5 /* Base */,
			);
			name = Main.storyboard;
			sourceTree = "<group>";
		};
		F77F1E811F17A3F5001DD7E5 /* LaunchScreen.storyboard */ = {
			isa = PBXVariantGroup;
			children = (
				F77F1E821F17A3F5001DD7E5 /* Base */,
			);
			name = LaunchScreen.storyboard;
			sourceTree = "<group>";
		};
/* End PBXVariantGroup section */

/* Begin XCBuildConfiguration section */
		F77F1E851F17A3F5001DD7E5 /* Debug */ = {
			isa = XCBuildConfiguration;
			buildSettings = {
				ALWAYS_SEARCH_USER_PATHS = NO;
				CLANG_ANALYZER_NONNULL = YES;
				CLANG_ANALYZER_NUMBER_OBJECT_CONVERSION = YES_AGGRESSIVE;
				CLANG_CXX_LANGUAGE_STANDARD = "gnu++0x";
				CLANG_CXX_LIBRARY = "libc++";
				CLANG_ENABLE_MODULES = YES;
				CLANG_ENABLE_OBJC_ARC = YES;
				CLANG_WARN_BOOL_CONVERSION = YES;
				CLANG_WARN_CONSTANT_CONVERSION = YES;
				CLANG_WARN_DIRECT_OBJC_ISA_USAGE = YES_ERROR;
				CLANG_WARN_DOCUMENTATION_COMMENTS = YES;
				CLANG_WARN_EMPTY_BODY = YES;
				CLANG_WARN_ENUM_CONVERSION = YES;
				CLANG_WARN_INFINITE_RECURSION = YES;
				CLANG_WARN_INT_CONVERSION = YES;
				CLANG_WARN_OBJC_ROOT_CLASS = YES_ERROR;
				CLANG_WARN_SUSPICIOUS_MOVE = YES;
				CLANG_WARN_UNREACHABLE_CODE = YES;
				CLANG_WARN__DUPLICATE_METHOD_MATCH = YES;
				"CODE_SIGN_IDENTITY[sdk=iphoneos*]" = "iPhone Developer";
				COPY_PHASE_STRIP = NO;
				DEBUG_INFORMATION_FORMAT = dwarf;
				ENABLE_STRICT_OBJC_MSGSEND = YES;
				ENABLE_TESTABILITY = YES;
				GCC_C_LANGUAGE_STANDARD = gnu99;
				GCC_DYNAMIC_NO_PIC = NO;
				GCC_NO_COMMON_BLOCKS = YES;
				GCC_OPTIMIZATION_LEVEL = 0;
				GCC_PREPROCESSOR_DEFINITIONS = (
					"DEBUG=1",
					"$(inherited)",
				);
				GCC_WARN_64_TO_32_BIT_CONVERSION = YES;
				GCC_WARN_ABOUT_RETURN_TYPE = YES_ERROR;
				GCC_WARN_UNDECLARED_SELECTOR = YES;
				GCC_WARN_UNINITIALIZED_AUTOS = YES_AGGRESSIVE;
				GCC_WARN_UNUSED_FUNCTION = YES;
				GCC_WARN_UNUSED_VARIABLE = YES;
				IPHONEOS_DEPLOYMENT_TARGET = 10.3;
				MTL_ENABLE_DEBUG_INFO = YES;
				ONLY_ACTIVE_ARCH = YES;
				SDKROOT = iphoneos;
				SWIFT_ACTIVE_COMPILATION_CONDITIONS = DEBUG;
				SWIFT_OPTIMIZATION_LEVEL = "-Onone";
			};
			name = Debug;
		};
		F77F1E861F17A3F5001DD7E5 /* Release */ = {
			isa = XCBuildConfiguration;
			buildSettings = {
				ALWAYS_SEARCH_USER_PATHS = NO;
				CLANG_ANALYZER_NONNULL = YES;
				CLANG_ANALYZER_NUMBER_OBJECT_CONVERSION = YES_AGGRESSIVE;
				CLANG_CXX_LANGUAGE_STANDARD = "gnu++0x";
				CLANG_CXX_LIBRARY = "libc++";
				CLANG_ENABLE_MODULES = YES;
				CLANG_ENABLE_OBJC_ARC = YES;
				CLANG_WARN_BOOL_CONVERSION = YES;
				CLANG_WARN_CONSTANT_CONVERSION = YES;
				CLANG_WARN_DIRECT_OBJC_ISA_USAGE = YES_ERROR;
				CLANG_WARN_DOCUMENTATION_COMMENTS = YES;
				CLANG_WARN_EMPTY_BODY = YES;
				CLANG_WARN_ENUM_CONVERSION = YES;
				CLANG_WARN_INFINITE_RECURSION = YES;
				CLANG_WARN_INT_CONVERSION = YES;
				CLANG_WARN_OBJC_ROOT_CLASS = YES_ERROR;
				CLANG_WARN_SUSPICIOUS_MOVE = YES;
				CLANG_WARN_UNREACHABLE_CODE = YES;
				CLANG_WARN__DUPLICATE_METHOD_MATCH = YES;
				"CODE_SIGN_IDENTITY[sdk=iphoneos*]" = "iPhone Developer";
				COPY_PHASE_STRIP = NO;
				DEBUG_INFORMATION_FORMAT = "dwarf-with-dsym";
				ENABLE_NS_ASSERTIONS = NO;
				ENABLE_STRICT_OBJC_MSGSEND = YES;
				GCC_C_LANGUAGE_STANDARD = gnu99;
				GCC_NO_COMMON_BLOCKS = YES;
				GCC_WARN_64_TO_32_BIT_CONVERSION = YES;
				GCC_WARN_ABOUT_RETURN_TYPE = YES_ERROR;
				GCC_WARN_UNDECLARED_SELECTOR = YES;
				GCC_WARN_UNINITIALIZED_AUTOS = YES_AGGRESSIVE;
				GCC_WARN_UNUSED_FUNCTION = YES;
				GCC_WARN_UNUSED_VARIABLE = YES;
				IPHONEOS_DEPLOYMENT_TARGET = 10.3;
				MTL_ENABLE_DEBUG_INFO = NO;
				SDKROOT = iphoneos;
				SWIFT_OPTIMIZATION_LEVEL = "-Owholemodule";
				VALIDATE_PRODUCT = YES;
			};
			name = Release;
		};
		F77F1E881F17A3F5001DD7E5 /* Debug */ = {
			isa = XCBuildConfiguration;
			buildSettings = {
				ASSETCATALOG_COMPILER_APPICON_NAME = AppIcon;
				DEVELOPMENT_TEAM = NRNUQBB7ZW;
				INFOPLIST_FILE = PrideMap/Info.plist;
				IPHONEOS_DEPLOYMENT_TARGET = 9.0;
				LD_RUNPATH_SEARCH_PATHS = "$(inherited) @executable_path/Frameworks";
				PRODUCT_BUNDLE_IDENTIFIER = com.gingerapps.PrideMap;
				PRODUCT_NAME = "$(TARGET_NAME)";
				SWIFT_VERSION = 3.0;
			};
			name = Debug;
		};
		F77F1E891F17A3F5001DD7E5 /* Release */ = {
			isa = XCBuildConfiguration;
			buildSettings = {
				ASSETCATALOG_COMPILER_APPICON_NAME = AppIcon;
				DEVELOPMENT_TEAM = NRNUQBB7ZW;
				INFOPLIST_FILE = PrideMap/Info.plist;
				IPHONEOS_DEPLOYMENT_TARGET = 9.0;
				LD_RUNPATH_SEARCH_PATHS = "$(inherited) @executable_path/Frameworks";
				PRODUCT_BUNDLE_IDENTIFIER = com.gingerapps.PrideMap;
				PRODUCT_NAME = "$(TARGET_NAME)";
				SWIFT_VERSION = 3.0;
			};
			name = Release;
		};
/* End XCBuildConfiguration section */

/* Begin XCConfigurationList section */
		F77F1E701F17A3F5001DD7E5 /* Build configuration list for PBXProject "PrideMap" */ = {
			isa = XCConfigurationList;
			buildConfigurations = (
				F77F1E851F17A3F5001DD7E5 /* Debug */,
				F77F1E861F17A3F5001DD7E5 /* Release */,
			);
			defaultConfigurationIsVisible = 0;
			defaultConfigurationName = Release;
		};
		F77F1E871F17A3F5001DD7E5 /* Build configuration list for PBXNativeTarget "PrideMap" */ = {
			isa = XCConfigurationList;
			buildConfigurations = (
				F77F1E881F17A3F5001DD7E5 /* Debug */,
				F77F1E891F17A3F5001DD7E5 /* Release */,
			);
			defaultConfigurationIsVisible = 0;
			defaultConfigurationName = Release;
		};
/* End XCConfigurationList section */
	};
	rootObject = F77F1E6D1F17A3F5001DD7E5 /* Project object */;
}
